// !$*UTF8*$!
{
	archiveVersion = 1;
	classes = {
	};
	objectVersion = 50;
	objects = {

/* Begin PBXBuildFile section */
		7836ED49263D066B002EBA10 /* Database.swift in Sources */ = {isa = PBXBuildFile; fileRef = 7836ED48263D066B002EBA10 /* Database.swift */; };
		7836ED4F263D27E0002EBA10 /* ChallengesController.swift in Sources */ = {isa = PBXBuildFile; fileRef = 7836ED4E263D27E0002EBA10 /* ChallengesController.swift */; };
		7836ED5C263D2835002EBA10 /* ChallengeCell.swift in Sources */ = {isa = PBXBuildFile; fileRef = 7836ED5A263D2835002EBA10 /* ChallengeCell.swift */; };
		7836ED5D263D2835002EBA10 /* ChallengeCell.xib in Resources */ = {isa = PBXBuildFile; fileRef = 7836ED5B263D2835002EBA10 /* ChallengeCell.xib */; };
		78393403263AB72500EE5E39 /* AppDelegate.swift in Sources */ = {isa = PBXBuildFile; fileRef = 78393402263AB72500EE5E39 /* AppDelegate.swift */; };
		78393405263AB72500EE5E39 /* SceneDelegate.swift in Sources */ = {isa = PBXBuildFile; fileRef = 78393404263AB72500EE5E39 /* SceneDelegate.swift */; };
		78393407263AB72500EE5E39 /* PlaySpinnerController.swift in Sources */ = {isa = PBXBuildFile; fileRef = 78393406263AB72500EE5E39 /* PlaySpinnerController.swift */; };
		7839340A263AB72500EE5E39 /* Main.storyboard in Resources */ = {isa = PBXBuildFile; fileRef = 78393408263AB72500EE5E39 /* Main.storyboard */; };
		7839340C263AB72600EE5E39 /* Assets.xcassets in Resources */ = {isa = PBXBuildFile; fileRef = 7839340B263AB72600EE5E39 /* Assets.xcassets */; };
		7839340F263AB72600EE5E39 /* LaunchScreen.storyboard in Resources */ = {isa = PBXBuildFile; fileRef = 7839340D263AB72600EE5E39 /* LaunchScreen.storyboard */; };
		7839341B263ABCAE00EE5E39 /* Spinner.swift in Sources */ = {isa = PBXBuildFile; fileRef = 7839341A263ABCAE00EE5E39 /* Spinner.swift */; };
		78393422263AC2D500EE5E39 /* SpinnerController.swift in Sources */ = {isa = PBXBuildFile; fileRef = 78393421263AC2D500EE5E39 /* SpinnerController.swift */; };
		78393429263BFF9700EE5E39 /* SpinnerCell.swift in Sources */ = {isa = PBXBuildFile; fileRef = 78393427263BFF9700EE5E39 /* SpinnerCell.swift */; };
		7839342A263BFF9700EE5E39 /* SpinnerCell.xib in Resources */ = {isa = PBXBuildFile; fileRef = 78393428263BFF9700EE5E39 /* SpinnerCell.xib */; };
		784E7DF926402EBD000A8DDA /* MusicPlayer.swift in Sources */ = {isa = PBXBuildFile; fileRef = 784E7DF826402EBD000A8DDA /* MusicPlayer.swift */; };
/* End PBXBuildFile section */

/* Begin PBXFileReference section */
		7836ED48263D066B002EBA10 /* Database.swift */ = {isa = PBXFileReference; lastKnownFileType = sourcecode.swift; path = Database.swift; sourceTree = "<group>"; };
		7836ED4E263D27E0002EBA10 /* ChallengesController.swift */ = {isa = PBXFileReference; lastKnownFileType = sourcecode.swift; path = ChallengesController.swift; sourceTree = "<group>"; };
		7836ED5A263D2835002EBA10 /* ChallengeCell.swift */ = {isa = PBXFileReference; lastKnownFileType = sourcecode.swift; path = ChallengeCell.swift; sourceTree = "<group>"; };
		7836ED5B263D2835002EBA10 /* ChallengeCell.xib */ = {isa = PBXFileReference; lastKnownFileType = file.xib; path = ChallengeCell.xib; sourceTree = "<group>"; };
		783933FF263AB72500EE5E39 /* Let It Spin.app */ = {isa = PBXFileReference; explicitFileType = wrapper.application; includeInIndex = 0; path = "Let It Spin.app"; sourceTree = BUILT_PRODUCTS_DIR; };
		78393402263AB72500EE5E39 /* AppDelegate.swift */ = {isa = PBXFileReference; lastKnownFileType = sourcecode.swift; path = AppDelegate.swift; sourceTree = "<group>"; };
		78393404263AB72500EE5E39 /* SceneDelegate.swift */ = {isa = PBXFileReference; lastKnownFileType = sourcecode.swift; path = SceneDelegate.swift; sourceTree = "<group>"; };
		78393406263AB72500EE5E39 /* PlaySpinnerController.swift */ = {isa = PBXFileReference; lastKnownFileType = sourcecode.swift; path = PlaySpinnerController.swift; sourceTree = "<group>"; };
		78393409263AB72500EE5E39 /* Base */ = {isa = PBXFileReference; lastKnownFileType = file.storyboard; name = Base; path = Base.lproj/Main.storyboard; sourceTree = "<group>"; };
		7839340B263AB72600EE5E39 /* Assets.xcassets */ = {isa = PBXFileReference; lastKnownFileType = folder.assetcatalog; path = Assets.xcassets; sourceTree = "<group>"; };
		7839340E263AB72600EE5E39 /* Base */ = {isa = PBXFileReference; lastKnownFileType = file.storyboard; name = Base; path = Base.lproj/LaunchScreen.storyboard; sourceTree = "<group>"; };
		78393410263AB72600EE5E39 /* Info.plist */ = {isa = PBXFileReference; lastKnownFileType = text.plist.xml; path = Info.plist; sourceTree = "<group>"; };
		7839341A263ABCAE00EE5E39 /* Spinner.swift */ = {isa = PBXFileReference; lastKnownFileType = sourcecode.swift; path = Spinner.swift; sourceTree = "<group>"; };
		78393421263AC2D500EE5E39 /* SpinnerController.swift */ = {isa = PBXFileReference; lastKnownFileType = sourcecode.swift; path = SpinnerController.swift; sourceTree = "<group>"; };
		78393427263BFF9700EE5E39 /* SpinnerCell.swift */ = {isa = PBXFileReference; lastKnownFileType = sourcecode.swift; path = SpinnerCell.swift; sourceTree = "<group>"; };
		78393428263BFF9700EE5E39 /* SpinnerCell.xib */ = {isa = PBXFileReference; lastKnownFileType = file.xib; path = SpinnerCell.xib; sourceTree = "<group>"; };
		784E7DF826402EBD000A8DDA /* MusicPlayer.swift */ = {isa = PBXFileReference; lastKnownFileType = sourcecode.swift; path = MusicPlayer.swift; sourceTree = "<group>"; };
/* End PBXFileReference section */

/* Begin PBXFrameworksBuildPhase section */
		783933FC263AB72500EE5E39 /* Frameworks */ = {
			isa = PBXFrameworksBuildPhase;
			buildActionMask = 2147483647;
			files = (
			);
			runOnlyForDeploymentPostprocessing = 0;
		};
/* End PBXFrameworksBuildPhase section */

/* Begin PBXGroup section */
		7836ED4D263D27AB002EBA10 /* Challenges */ = {
			isa = PBXGroup;
			children = (
				7836ED52263D27F1002EBA10 /* Challenge Cell */,
				7836ED4E263D27E0002EBA10 /* ChallengesController.swift */,
			);
			path = Challenges;
			sourceTree = "<group>";
		};
		7836ED52263D27F1002EBA10 /* Challenge Cell */ = {
			isa = PBXGroup;
			children = (
				7836ED5A263D2835002EBA10 /* ChallengeCell.swift */,
				7836ED5B263D2835002EBA10 /* ChallengeCell.xib */,
			);
			path = "Challenge Cell";
			sourceTree = "<group>";
		};
		783933F6263AB72500EE5E39 = {
			isa = PBXGroup;
			children = (
				78393401263AB72500EE5E39 /* Let It Spin */,
				78393400263AB72500EE5E39 /* Products */,
			);
			sourceTree = "<group>";
		};
		78393400263AB72500EE5E39 /* Products */ = {
			isa = PBXGroup;
			children = (
				783933FF263AB72500EE5E39 /* Let It Spin.app */,
			);
			name = Products;
			sourceTree = "<group>";
		};
		78393401263AB72500EE5E39 /* Let It Spin */ = {
			isa = PBXGroup;
			children = (
				784E7DF726402E9F000A8DDA /* Music */,
				7836ED4D263D27AB002EBA10 /* Challenges */,
				78393424263BFF3000EE5E39 /* Spinners */,
				78393419263ABC9200EE5E39 /* Model */,
				78393402263AB72500EE5E39 /* AppDelegate.swift */,
				78393404263AB72500EE5E39 /* SceneDelegate.swift */,
				78393408263AB72500EE5E39 /* Main.storyboard */,
				7839340B263AB72600EE5E39 /* Assets.xcassets */,
				7839340D263AB72600EE5E39 /* LaunchScreen.storyboard */,
				78393406263AB72500EE5E39 /* PlaySpinnerController.swift */,
				78393410263AB72600EE5E39 /* Info.plist */,
			);
			path = "Let It Spin";
			sourceTree = "<group>";
		};
		78393419263ABC9200EE5E39 /* Model */ = {
			isa = PBXGroup;
			children = (
				7839341A263ABCAE00EE5E39 /* Spinner.swift */,
				7836ED48263D066B002EBA10 /* Database.swift */,
			);
			path = Model;
			sourceTree = "<group>";
		};
		78393424263BFF3000EE5E39 /* Spinners */ = {
			isa = PBXGroup;
			children = (
				78393421263AC2D500EE5E39 /* SpinnerController.swift */,
				78393425263BFF4000EE5E39 /* Spinner Cell */,
			);
			path = Spinners;
			sourceTree = "<group>";
		};
		78393425263BFF4000EE5E39 /* Spinner Cell */ = {
			isa = PBXGroup;
			children = (
				78393427263BFF9700EE5E39 /* SpinnerCell.swift */,
				78393428263BFF9700EE5E39 /* SpinnerCell.xib */,
			);
			path = "Spinner Cell";
			sourceTree = "<group>";
		};
		784E7DF726402E9F000A8DDA /* Music */ = {
			isa = PBXGroup;
			children = (
				784E7DF826402EBD000A8DDA /* MusicPlayer.swift */,
			);
			path = Music;
			sourceTree = "<group>";
		};
/* End PBXGroup section */

/* Begin PBXNativeTarget section */
		783933FE263AB72500EE5E39 /* Let It Spin */ = {
			isa = PBXNativeTarget;
			buildConfigurationList = 78393413263AB72600EE5E39 /* Build configuration list for PBXNativeTarget "Let It Spin" */;
			buildPhases = (
				783933FB263AB72500EE5E39 /* Sources */,
				783933FC263AB72500EE5E39 /* Frameworks */,
				783933FD263AB72500EE5E39 /* Resources */,
			);
			buildRules = (
			);
			dependencies = (
			);
			name = "Let It Spin";
			productName = "Let It Spin";
			productReference = 783933FF263AB72500EE5E39 /* Let It Spin.app */;
			productType = "com.apple.product-type.application";
		};
/* End PBXNativeTarget section */

/* Begin PBXProject section */
		783933F7263AB72500EE5E39 /* Project object */ = {
			isa = PBXProject;
			attributes = {
				LastSwiftUpdateCheck = 1240;
				LastUpgradeCheck = 1240;
				TargetAttributes = {
					783933FE263AB72500EE5E39 = {
						CreatedOnToolsVersion = 12.4;
					};
				};
			};
			buildConfigurationList = 783933FA263AB72500EE5E39 /* Build configuration list for PBXProject "Let It Spin" */;
			compatibilityVersion = "Xcode 9.3";
			developmentRegion = en;
			hasScannedForEncodings = 0;
			knownRegions = (
				en,
				Base,
			);
			mainGroup = 783933F6263AB72500EE5E39;
			productRefGroup = 78393400263AB72500EE5E39 /* Products */;
			projectDirPath = "";
			projectRoot = "";
			targets = (
				783933FE263AB72500EE5E39 /* Let It Spin */,
			);
		};
/* End PBXProject section */

/* Begin PBXResourcesBuildPhase section */
		783933FD263AB72500EE5E39 /* Resources */ = {
			isa = PBXResourcesBuildPhase;
			buildActionMask = 2147483647;
			files = (
				7836ED5D263D2835002EBA10 /* ChallengeCell.xib in Resources */,
				7839340F263AB72600EE5E39 /* LaunchScreen.storyboard in Resources */,
				7839340C263AB72600EE5E39 /* Assets.xcassets in Resources */,
				7839340A263AB72500EE5E39 /* Main.storyboard in Resources */,
				7839342A263BFF9700EE5E39 /* SpinnerCell.xib in Resources */,
			);
			runOnlyForDeploymentPostprocessing = 0;
		};
/* End PBXResourcesBuildPhase section */

/* Begin PBXSourcesBuildPhase section */
		783933FB263AB72500EE5E39 /* Sources */ = {
			isa = PBXSourcesBuildPhase;
			buildActionMask = 2147483647;
			files = (
				78393429263BFF9700EE5E39 /* SpinnerCell.swift in Sources */,
				78393407263AB72500EE5E39 /* PlaySpinnerController.swift in Sources */,
				78393422263AC2D500EE5E39 /* SpinnerController.swift in Sources */,
				78393403263AB72500EE5E39 /* AppDelegate.swift in Sources */,
				7836ED5C263D2835002EBA10 /* ChallengeCell.swift in Sources */,
				78393405263AB72500EE5E39 /* SceneDelegate.swift in Sources */,
				7839341B263ABCAE00EE5E39 /* Spinner.swift in Sources */,
				7836ED49263D066B002EBA10 /* Database.swift in Sources */,
				784E7DF926402EBD000A8DDA /* MusicPlayer.swift in Sources */,
				7836ED4F263D27E0002EBA10 /* ChallengesController.swift in Sources */,
			);
			runOnlyForDeploymentPostprocessing = 0;
		};
/* End PBXSourcesBuildPhase section */

/* Begin PBXVariantGroup section */
		78393408263AB72500EE5E39 /* Main.storyboard */ = {
			isa = PBXVariantGroup;
			children = (
				78393409263AB72500EE5E39 /* Base */,
			);
			name = Main.storyboard;
			sourceTree = "<group>";
		};
		7839340D263AB72600EE5E39 /* LaunchScreen.storyboard */ = {
			isa = PBXVariantGroup;
			children = (
				7839340E263AB72600EE5E39 /* Base */,
			);
			name = LaunchScreen.storyboard;
			sourceTree = "<group>";
		};
/* End PBXVariantGroup section */

/* Begin XCBuildConfiguration section */
		78393411263AB72600EE5E39 /* Debug */ = {
			isa = XCBuildConfiguration;
			buildSettings = {
				ALWAYS_SEARCH_USER_PATHS = NO;
				CLANG_ANALYZER_NONNULL = YES;
				CLANG_ANALYZER_NUMBER_OBJECT_CONVERSION = YES_AGGRESSIVE;
				CLANG_CXX_LANGUAGE_STANDARD = "gnu++14";
				CLANG_CXX_LIBRARY = "libc++";
				CLANG_ENABLE_MODULES = YES;
				CLANG_ENABLE_OBJC_ARC = YES;
				CLANG_ENABLE_OBJC_WEAK = YES;
				CLANG_WARN_BLOCK_CAPTURE_AUTORELEASING = YES;
				CLANG_WARN_BOOL_CONVERSION = YES;
				CLANG_WARN_COMMA = YES;
				CLANG_WARN_CONSTANT_CONVERSION = YES;
				CLANG_WARN_DEPRECATED_OBJC_IMPLEMENTATIONS = YES;
				CLANG_WARN_DIRECT_OBJC_ISA_USAGE = YES_ERROR;
				CLANG_WARN_DOCUMENTATION_COMMENTS = YES;
				CLANG_WARN_EMPTY_BODY = YES;
				CLANG_WARN_ENUM_CONVERSION = YES;
				CLANG_WARN_INFINITE_RECURSION = YES;
				CLANG_WARN_INT_CONVERSION = YES;
				CLANG_WARN_NON_LITERAL_NULL_CONVERSION = YES;
				CLANG_WARN_OBJC_IMPLICIT_RETAIN_SELF = YES;
				CLANG_WARN_OBJC_LITERAL_CONVERSION = YES;
				CLANG_WARN_OBJC_ROOT_CLASS = YES_ERROR;
				CLANG_WARN_QUOTED_INCLUDE_IN_FRAMEWORK_HEADER = YES;
				CLANG_WARN_RANGE_LOOP_ANALYSIS = YES;
				CLANG_WARN_STRICT_PROTOTYPES = YES;
				CLANG_WARN_SUSPICIOUS_MOVE = YES;
				CLANG_WARN_UNGUARDED_AVAILABILITY = YES_AGGRESSIVE;
				CLANG_WARN_UNREACHABLE_CODE = YES;
				CLANG_WARN__DUPLICATE_METHOD_MATCH = YES;
				COPY_PHASE_STRIP = NO;
				DEBUG_INFORMATION_FORMAT = dwarf;
				ENABLE_STRICT_OBJC_MSGSEND = YES;
				ENABLE_TESTABILITY = YES;
				GCC_C_LANGUAGE_STANDARD = gnu11;
				GCC_DYNAMIC_NO_PIC = NO;
				GCC_NO_COMMON_BLOCKS = YES;
				GCC_OPTIMIZATION_LEVEL = 0;
				GCC_PREPROCESSOR_DEFINITIONS = (
					"DEBUG=1",
					"$(inherited)",
				);
				GCC_WARN_64_TO_32_BIT_CONVERSION = YES;
				GCC_WARN_ABOUT_RETURN_TYPE = YES_ERROR;
				GCC_WARN_UNDECLARED_SELECTOR = YES;
				GCC_WARN_UNINITIALIZED_AUTOS = YES_AGGRESSIVE;
				GCC_WARN_UNUSED_FUNCTION = YES;
				GCC_WARN_UNUSED_VARIABLE = YES;
				IPHONEOS_DEPLOYMENT_TARGET = 14.4;
				MTL_ENABLE_DEBUG_INFO = INCLUDE_SOURCE;
				MTL_FAST_MATH = YES;
				ONLY_ACTIVE_ARCH = YES;
				SDKROOT = iphoneos;
				SWIFT_ACTIVE_COMPILATION_CONDITIONS = DEBUG;
				SWIFT_OPTIMIZATION_LEVEL = "-Onone";
			};
			name = Debug;
		};
		78393412263AB72600EE5E39 /* Release */ = {
			isa = XCBuildConfiguration;
			buildSettings = {
				ALWAYS_SEARCH_USER_PATHS = NO;
				CLANG_ANALYZER_NONNULL = YES;
				CLANG_ANALYZER_NUMBER_OBJECT_CONVERSION = YES_AGGRESSIVE;
				CLANG_CXX_LANGUAGE_STANDARD = "gnu++14";
				CLANG_CXX_LIBRARY = "libc++";
				CLANG_ENABLE_MODULES = YES;
				CLANG_ENABLE_OBJC_ARC = YES;
				CLANG_ENABLE_OBJC_WEAK = YES;
				CLANG_WARN_BLOCK_CAPTURE_AUTORELEASING = YES;
				CLANG_WARN_BOOL_CONVERSION = YES;
				CLANG_WARN_COMMA = YES;
				CLANG_WARN_CONSTANT_CONVERSION = YES;
				CLANG_WARN_DEPRECATED_OBJC_IMPLEMENTATIONS = YES;
				CLANG_WARN_DIRECT_OBJC_ISA_USAGE = YES_ERROR;
				CLANG_WARN_DOCUMENTATION_COMMENTS = YES;
				CLANG_WARN_EMPTY_BODY = YES;
				CLANG_WARN_ENUM_CONVERSION = YES;
				CLANG_WARN_INFINITE_RECURSION = YES;
				CLANG_WARN_INT_CONVERSION = YES;
				CLANG_WARN_NON_LITERAL_NULL_CONVERSION = YES;
				CLANG_WARN_OBJC_IMPLICIT_RETAIN_SELF = YES;
				CLANG_WARN_OBJC_LITERAL_CONVERSION = YES;
				CLANG_WARN_OBJC_ROOT_CLASS = YES_ERROR;
				CLANG_WARN_QUOTED_INCLUDE_IN_FRAMEWORK_HEADER = YES;
				CLANG_WARN_RANGE_LOOP_ANALYSIS = YES;
				CLANG_WARN_STRICT_PROTOTYPES = YES;
				CLANG_WARN_SUSPICIOUS_MOVE = YES;
				CLANG_WARN_UNGUARDED_AVAILABILITY = YES_AGGRESSIVE;
				CLANG_WARN_UNREACHABLE_CODE = YES;
				CLANG_WARN__DUPLICATE_METHOD_MATCH = YES;
				COPY_PHASE_STRIP = NO;
				DEBUG_INFORMATION_FORMAT = "dwarf-with-dsym";
				ENABLE_NS_ASSERTIONS = NO;
				ENABLE_STRICT_OBJC_MSGSEND = YES;
				GCC_C_LANGUAGE_STANDARD = gnu11;
				GCC_NO_COMMON_BLOCKS = YES;
				GCC_WARN_64_TO_32_BIT_CONVERSION = YES;
				GCC_WARN_ABOUT_RETURN_TYPE = YES_ERROR;
				GCC_WARN_UNDECLARED_SELECTOR = YES;
				GCC_WARN_UNINITIALIZED_AUTOS = YES_AGGRESSIVE;
				GCC_WARN_UNUSED_FUNCTION = YES;
				GCC_WARN_UNUSED_VARIABLE = YES;
				IPHONEOS_DEPLOYMENT_TARGET = 14.4;
				MTL_ENABLE_DEBUG_INFO = NO;
				MTL_FAST_MATH = YES;
				SDKROOT = iphoneos;
				SWIFT_COMPILATION_MODE = wholemodule;
				SWIFT_OPTIMIZATION_LEVEL = "-O";
				VALIDATE_PRODUCT = YES;
			};
			name = Release;
		};
		78393414263AB72600EE5E39 /* Debug */ = {
			isa = XCBuildConfiguration;
			buildSettings = {
				ASSETCATALOG_COMPILER_APPICON_NAME = AppIcon;
				ASSETCATALOG_COMPILER_GLOBAL_ACCENT_COLOR_NAME = AccentColor;
				CODE_SIGN_STYLE = Automatic;
				DEVELOPMENT_TEAM = 3BJK86B698;
				INFOPLIST_FILE = "Let It Spin/Info.plist";
				LD_RUNPATH_SEARCH_PATHS = (
					"$(inherited)",
					"@executable_path/Frameworks",
				);
				PRODUCT_BUNDLE_IDENTIFIER = "com.clara.Let-It-Spin";
				PRODUCT_NAME = "$(TARGET_NAME)";
				SWIFT_VERSION = 5.0;
				TARGETED_DEVICE_FAMILY = 1;
			};
			name = Debug;
		};
		78393415263AB72600EE5E39 /* Release */ = {
			isa = XCBuildConfiguration;
			buildSettings = {
				ASSETCATALOG_COMPILER_APPICON_NAME = AppIcon;
				ASSETCATALOG_COMPILER_GLOBAL_ACCENT_COLOR_NAME = AccentColor;
				CODE_SIGN_STYLE = Automatic;
				DEVELOPMENT_TEAM = 3BJK86B698;
				INFOPLIST_FILE = "Let It Spin/Info.plist";
				LD_RUNPATH_SEARCH_PATHS = (
					"$(inherited)",
					"@executable_path/Frameworks",
				);
				PRODUCT_BUNDLE_IDENTIFIER = "com.clara.Let-It-Spin";
				PRODUCT_NAME = "$(TARGET_NAME)";
				SWIFT_VERSION = 5.0;
				TARGETED_DEVICE_FAMILY = 1;
			};
			name = Release;
		};
/* End XCBuildConfiguration section */

/* Begin XCConfigurationList section */
		783933FA263AB72500EE5E39 /* Build configuration list for PBXProject "Let It Spin" */ = {
			isa = XCConfigurationList;
			buildConfigurations = (
				78393411263AB72600EE5E39 /* Debug */,
				78393412263AB72600EE5E39 /* Release */,
			);
			defaultConfigurationIsVisible = 0;
			defaultConfigurationName = Release;
		};
		78393413263AB72600EE5E39 /* Build configuration list for PBXNativeTarget "Let It Spin" */ = {
			isa = XCConfigurationList;
			buildConfigurations = (
				78393414263AB72600EE5E39 /* Debug */,
				78393415263AB72600EE5E39 /* Release */,
			);
			defaultConfigurationIsVisible = 0;
			defaultConfigurationName = Release;
		};
/* End XCConfigurationList section */
	};
	rootObject = 783933F7263AB72500EE5E39 /* Project object */;
}
